
Microsoft Visual Studio Solution File, Format Version 12.00
# Visual Studio Version 16
VisualStudioVersion = 16.0.30711.63
MinimumVisualStudioVersion = 10.0.40219.1
Project("{9A19103F-16F7-4668-BE54-9A1E7A4F7556}") = "MapMess", "MapMess\MapMess.csproj", "{E9ED1C3A-2F21-4CB8-AC74-82AEC53E8E47}"
EndProject
Project("{FAE04EC0-301F-11D3-BF4B-00C04F79EFBC}") = "MapTileViewer", "MapTileViewer\MapTileViewer.csproj", "{F7A29A65-ACFE-4D0F-B074-2BD01CE0E7B3}"
EndProject
Global
	GlobalSection(SolutionConfigurationPlatforms) = preSolution
		Debug|Any CPU = Debug|Any CPU
		Release|Any CPU = Release|Any CPU
	EndGlobalSection
	GlobalSection(ProjectConfigurationPlatforms) = postSolution
		{E9ED1C3A-2F21-4CB8-AC74-82AEC53E8E47}.Debug|Any CPU.ActiveCfg = Debug|Any CPU
		{E9ED1C3A-2F21-4CB8-AC74-82AEC53E8E47}.Debug|Any CPU.Build.0 = Debug|Any CPU
		{E9ED1C3A-2F21-4CB8-AC74-82AEC53E8E47}.Release|Any CPU.ActiveCfg = Release|Any CPU
		{E9ED1C3A-2F21-4CB8-AC74-82AEC53E8E47}.Release|Any CPU.Build.0 = Release|Any CPU
		{F7A29A65-ACFE-4D0F-B074-2BD01CE0E7B3}.Debug|Any CPU.ActiveCfg = Debug|Any CPU
		{F7A29A65-ACFE-4D0F-B074-2BD01CE0E7B3}.Debug|Any CPU.Build.0 = Debug|Any CPU
		{F7A29A65-ACFE-4D0F-B074-2BD01CE0E7B3}.Release|Any CPU.ActiveCfg = Release|Any CPU
		{F7A29A65-ACFE-4D0F-B074-2BD01CE0E7B3}.Release|Any CPU.Build.0 = Release|Any CPU
	EndGlobalSection
	GlobalSection(SolutionProperties) = preSolution
		HideSolutionNode = FALSE
	EndGlobalSection
	GlobalSection(ExtensibilityGlobals) = postSolution
		SolutionGuid = {9F00FED5-F571-4E51-A8A2-F8A49C8BF1D2}
	EndGlobalSection
EndGlobal
